
Microsoft Visual Studio Solution File, Format Version 12.00
# Visual Studio 2013
VisualStudioVersion = 12.0.40629.0
MinimumVisualStudioVersion = 10.0.40219.1
Project("{FAE04EC0-301F-11D3-BF4B-00C04F79EFBC}") = "Integration", "Integration\Integration.csproj", "{17AC59AD-D4A0-438F-BF2D-2A386A0E5DF6}"
EndProject
Project("{FAE04EC0-301F-11D3-BF4B-00C04F79EFBC}") = "UI", "UI\UI.csproj", "{F81A465F-042C-4304-AA67-EAA6437582E8}"
EndProject
Global
	GlobalSection(SolutionConfigurationPlatforms) = preSolution
		Debug|Any CPU = Debug|Any CPU
		Debug|x86 = Debug|x86
		Release|Any CPU = Release|Any CPU
		Release|x86 = Release|x86
	EndGlobalSection
	GlobalSection(ProjectConfigurationPlatforms) = postSolution
		{17AC59AD-D4A0-438F-BF2D-2A386A0E5DF6}.Debug|Any CPU.ActiveCfg = Debug|Any CPU
		{17AC59AD-D4A0-438F-BF2D-2A386A0E5DF6}.Debug|Any CPU.Build.0 = Debug|Any CPU
		{17AC59AD-D4A0-438F-BF2D-2A386A0E5DF6}.Debug|x86.ActiveCfg = Debug|x86
		{17AC59AD-D4A0-438F-BF2D-2A386A0E5DF6}.Debug|x86.Build.0 = Debug|x86
		{17AC59AD-D4A0-438F-BF2D-2A386A0E5DF6}.Release|Any CPU.ActiveCfg = Release|Any CPU
		{17AC59AD-D4A0-438F-BF2D-2A386A0E5DF6}.Release|Any CPU.Build.0 = Release|Any CPU
		{17AC59AD-D4A0-438F-BF2D-2A386A0E5DF6}.Release|x86.ActiveCfg = Release|x86
		{17AC59AD-D4A0-438F-BF2D-2A386A0E5DF6}.Release|x86.Build.0 = Release|x86
		{F81A465F-042C-4304-AA67-EAA6437582E8}.Debug|Any CPU.ActiveCfg = Debug|Any CPU
		{F81A465F-042C-4304-AA67-EAA6437582E8}.Debug|Any CPU.Build.0 = Debug|Any CPU
		{F81A465F-042C-4304-AA67-EAA6437582E8}.Debug|x86.ActiveCfg = Debug|x86
		{F81A465F-042C-4304-AA67-EAA6437582E8}.Debug|x86.Build.0 = Debug|x86
		{F81A465F-042C-4304-AA67-EAA6437582E8}.Release|Any CPU.ActiveCfg = Release|Any CPU
		{F81A465F-042C-4304-AA67-EAA6437582E8}.Release|Any CPU.Build.0 = Release|Any CPU
		{F81A465F-042C-4304-AA67-EAA6437582E8}.Release|x86.ActiveCfg = Release|x86
		{F81A465F-042C-4304-AA67-EAA6437582E8}.Release|x86.Build.0 = Release|x86
	EndGlobalSection
	GlobalSection(SolutionProperties) = preSolution
		HideSolutionNode = FALSE
	EndGlobalSection
EndGlobal
